
Microsoft Visual Studio Solution File, Format Version 12.00
# Visual Studio Version 16
VisualStudioVersion = 16.0.31025.194
MinimumVisualStudioVersion = 10.0.40219.1
Project("{FAE04EC0-301F-11D3-BF4B-00C04F79EFBC}") = "Calculator", "Calculator\Calculator.csproj", "{23108F19-5937-41F8-8FC3-69875A9F79F8}"
EndProject
Project("{FAE04EC0-301F-11D3-BF4B-00C04F79EFBC}") = "Calculator.Specs", "Calculator.Specs\Calculator.Specs.csproj", "{16070495-638B-4753-A5A0-B3F36E0C8CCF}"
EndProject
Global
	GlobalSection(SolutionConfigurationPlatforms) = preSolution
		Debug|Any CPU = Debug|Any CPU
		Release|Any CPU = Release|Any CPU
	EndGlobalSection
	GlobalSection(ProjectConfigurationPlatforms) = postSolution
		{23108F19-5937-41F8-8FC3-69875A9F79F8}.Debug|Any CPU.ActiveCfg = Debug|Any CPU
		{23108F19-5937-41F8-8FC3-69875A9F79F8}.Debug|Any CPU.Build.0 = Debug|Any CPU
		{23108F19-5937-41F8-8FC3-69875A9F79F8}.Release|Any CPU.ActiveCfg = Release|Any CPU
		{23108F19-5937-41F8-8FC3-69875A9F79F8}.Release|Any CPU.Build.0 = Release|Any CPU
		{16070495-638B-4753-A5A0-B3F36E0C8CCF}.Debug|Any CPU.ActiveCfg = Debug|Any CPU
		{16070495-638B-4753-A5A0-B3F36E0C8CCF}.Debug|Any CPU.Build.0 = Debug|Any CPU
		{16070495-638B-4753-A5A0-B3F36E0C8CCF}.Release|Any CPU.ActiveCfg = Release|Any CPU
		{16070495-638B-4753-A5A0-B3F36E0C8CCF}.Release|Any CPU.Build.0 = Release|Any CPU
	EndGlobalSection
	GlobalSection(SolutionProperties) = preSolution
		HideSolutionNode = FALSE
	EndGlobalSection
	GlobalSection(ExtensibilityGlobals) = postSolution
		SolutionGuid = {DC59448C-3FB8-47D5-B147-79FF29A75B72}
	EndGlobalSection
EndGlobal
